// !$*UTF8*$!
{
	archiveVersion = 1;
	classes = {
	};
	objectVersion = 55;
	objects = {

/* Begin PBXBuildFile section */
		0BCC81B273DA4AB244F0F3A2 /* Pods_EchoProber.framework in Frameworks */ = {isa = PBXBuildFile; fileRef = 437FE91005DF0669627603E3 /* Pods_EchoProber.framework */; };
		6B5D04D32898E3C300FCABB2 /* EchoProberApp.swift in Sources */ = {isa = PBXBuildFile; fileRef = 6B5D04D22898E3C300FCABB2 /* EchoProberApp.swift */; };
		6B5D04D52898E3C300FCABB2 /* ContentView.swift in Sources */ = {isa = PBXBuildFile; fileRef = 6B5D04D42898E3C300FCABB2 /* ContentView.swift */; };
		6B5D04D72898E3C700FCABB2 /* Assets.xcassets in Resources */ = {isa = PBXBuildFile; fileRef = 6B5D04D62898E3C700FCABB2 /* Assets.xcassets */; };
		6B5D04DA2898E3C700FCABB2 /* Preview Assets.xcassets in Resources */ = {isa = PBXBuildFile; fileRef = 6B5D04D92898E3C700FCABB2 /* Preview Assets.xcassets */; };
		6B5D04E42898E3C700FCABB2 /* EchoProberTests.swift in Sources */ = {isa = PBXBuildFile; fileRef = 6B5D04E32898E3C700FCABB2 /* EchoProberTests.swift */; };
		6B5D04EE2898E3C700FCABB2 /* EchoProberUITests.swift in Sources */ = {isa = PBXBuildFile; fileRef = 6B5D04ED2898E3C700FCABB2 /* EchoProberUITests.swift */; };
		6B5D04F02898E3C700FCABB2 /* EchoProberUITestsLaunchTests.swift in Sources */ = {isa = PBXBuildFile; fileRef = 6B5D04EF2898E3C700FCABB2 /* EchoProberUITestsLaunchTests.swift */; };
		D22F3148B5B273C9A0A28ED9 /* Pods_EchoProberTests.framework in Frameworks */ = {isa = PBXBuildFile; fileRef = D40F291D5637026E30C242D2 /* Pods_EchoProberTests.framework */; };
		E17E9ABB3E32BBD519F3811A /* Pods_EchoProber_EchoProberUITests.framework in Frameworks */ = {isa = PBXBuildFile; fileRef = CA12EBC2A34A3ACA91291424 /* Pods_EchoProber_EchoProberUITests.framework */; };
/* End PBXBuildFile section */

/* Begin PBXContainerItemProxy section */
		6B5D04E02898E3C700FCABB2 /* PBXContainerItemProxy */ = {
			isa = PBXContainerItemProxy;
			containerPortal = 6B5D04C72898E3C300FCABB2 /* Project object */;
			proxyType = 1;
			remoteGlobalIDString = 6B5D04CE2898E3C300FCABB2;
			remoteInfo = EchoProber;
		};
		6B5D04EA2898E3C700FCABB2 /* PBXContainerItemProxy */ = {
			isa = PBXContainerItemProxy;
			containerPortal = 6B5D04C72898E3C300FCABB2 /* Project object */;
			proxyType = 1;
			remoteGlobalIDString = 6B5D04CE2898E3C300FCABB2;
			remoteInfo = EchoProber;
		};
/* End PBXContainerItemProxy section */

/* Begin PBXFileReference section */
		21EE6D701A9DEA26E280636A /* Pods-EchoProber-EchoProberUITests.release.xcconfig */ = {isa = PBXFileReference; includeInIndex = 1; lastKnownFileType = text.xcconfig; name = "Pods-EchoProber-EchoProberUITests.release.xcconfig"; path = "Target Support Files/Pods-EchoProber-EchoProberUITests/Pods-EchoProber-EchoProberUITests.release.xcconfig"; sourceTree = "<group>"; };
		437FE91005DF0669627603E3 /* Pods_EchoProber.framework */ = {isa = PBXFileReference; explicitFileType = wrapper.framework; includeInIndex = 0; path = Pods_EchoProber.framework; sourceTree = BUILT_PRODUCTS_DIR; };
		5D5C97FDD87405BB13FC1DF2 /* Pods-EchoProber.release.xcconfig */ = {isa = PBXFileReference; includeInIndex = 1; lastKnownFileType = text.xcconfig; name = "Pods-EchoProber.release.xcconfig"; path = "Target Support Files/Pods-EchoProber/Pods-EchoProber.release.xcconfig"; sourceTree = "<group>"; };
		6B5D04CF2898E3C300FCABB2 /* EchoProber.app */ = {isa = PBXFileReference; explicitFileType = wrapper.application; includeInIndex = 0; path = EchoProber.app; sourceTree = BUILT_PRODUCTS_DIR; };
		6B5D04D22898E3C300FCABB2 /* EchoProberApp.swift */ = {isa = PBXFileReference; lastKnownFileType = sourcecode.swift; path = EchoProberApp.swift; sourceTree = "<group>"; };
		6B5D04D42898E3C300FCABB2 /* ContentView.swift */ = {isa = PBXFileReference; lastKnownFileType = sourcecode.swift; path = ContentView.swift; sourceTree = "<group>"; };
		6B5D04D62898E3C700FCABB2 /* Assets.xcassets */ = {isa = PBXFileReference; lastKnownFileType = folder.assetcatalog; path = Assets.xcassets; sourceTree = "<group>"; };
		6B5D04D92898E3C700FCABB2 /* Preview Assets.xcassets */ = {isa = PBXFileReference; lastKnownFileType = folder.assetcatalog; path = "Preview Assets.xcassets"; sourceTree = "<group>"; };
		6B5D04DF2898E3C700FCABB2 /* EchoProberTests.xctest */ = {isa = PBXFileReference; explicitFileType = wrapper.cfbundle; includeInIndex = 0; path = EchoProberTests.xctest; sourceTree = BUILT_PRODUCTS_DIR; };
		6B5D04E32898E3C700FCABB2 /* EchoProberTests.swift */ = {isa = PBXFileReference; lastKnownFileType = sourcecode.swift; path = EchoProberTests.swift; sourceTree = "<group>"; };
		6B5D04E92898E3C700FCABB2 /* EchoProberUITests.xctest */ = {isa = PBXFileReference; explicitFileType = wrapper.cfbundle; includeInIndex = 0; path = EchoProberUITests.xctest; sourceTree = BUILT_PRODUCTS_DIR; };
		6B5D04ED2898E3C700FCABB2 /* EchoProberUITests.swift */ = {isa = PBXFileReference; lastKnownFileType = sourcecode.swift; path = EchoProberUITests.swift; sourceTree = "<group>"; };
		6B5D04EF2898E3C700FCABB2 /* EchoProberUITestsLaunchTests.swift */ = {isa = PBXFileReference; lastKnownFileType = sourcecode.swift; path = EchoProberUITestsLaunchTests.swift; sourceTree = "<group>"; };
		6BB6762828A6A14B00836D37 /* Info.plist */ = {isa = PBXFileReference; lastKnownFileType = text.plist; path = Info.plist; sourceTree = "<group>"; };
		AEE046BBF8F094A06298E6A8 /* Pods-EchoProber-EchoProberUITests.debug.xcconfig */ = {isa = PBXFileReference; includeInIndex = 1; lastKnownFileType = text.xcconfig; name = "Pods-EchoProber-EchoProberUITests.debug.xcconfig"; path = "Target Support Files/Pods-EchoProber-EchoProberUITests/Pods-EchoProber-EchoProberUITests.debug.xcconfig"; sourceTree = "<group>"; };
		CA12EBC2A34A3ACA91291424 /* Pods_EchoProber_EchoProberUITests.framework */ = {isa = PBXFileReference; explicitFileType = wrapper.framework; includeInIndex = 0; path = Pods_EchoProber_EchoProberUITests.framework; sourceTree = BUILT_PRODUCTS_DIR; };
		D04EA141FD92950D90B920F6 /* Pods-EchoProber.debug.xcconfig */ = {isa = PBXFileReference; includeInIndex = 1; lastKnownFileType = text.xcconfig; name = "Pods-EchoProber.debug.xcconfig"; path = "Target Support Files/Pods-EchoProber/Pods-EchoProber.debug.xcconfig"; sourceTree = "<group>"; };
		D40F291D5637026E30C242D2 /* Pods_EchoProberTests.framework */ = {isa = PBXFileReference; explicitFileType = wrapper.framework; includeInIndex = 0; path = Pods_EchoProberTests.framework; sourceTree = BUILT_PRODUCTS_DIR; };
		D785F8636CCC8CD28E50173F /* Pods-EchoProberTests.release.xcconfig */ = {isa = PBXFileReference; includeInIndex = 1; lastKnownFileType = text.xcconfig; name = "Pods-EchoProberTests.release.xcconfig"; path = "Target Support Files/Pods-EchoProberTests/Pods-EchoProberTests.release.xcconfig"; sourceTree = "<group>"; };
		E1A8F9789278734E447DFE8B /* Pods-EchoProberTests.debug.xcconfig */ = {isa = PBXFileReference; includeInIndex = 1; lastKnownFileType = text.xcconfig; name = "Pods-EchoProberTests.debug.xcconfig"; path = "Target Support Files/Pods-EchoProberTests/Pods-EchoProberTests.debug.xcconfig"; sourceTree = "<group>"; };
/* End PBXFileReference section */

/* Begin PBXFrameworksBuildPhase section */
		6B5D04CC2898E3C300FCABB2 /* Frameworks */ = {
			isa = PBXFrameworksBuildPhase;
			buildActionMask = 2147483647;
			files = (
				0BCC81B273DA4AB244F0F3A2 /* Pods_EchoProber.framework in Frameworks */,
			);
			runOnlyForDeploymentPostprocessing = 0;
		};
		6B5D04DC2898E3C700FCABB2 /* Frameworks */ = {
			isa = PBXFrameworksBuildPhase;
			buildActionMask = 2147483647;
			files = (
				D22F3148B5B273C9A0A28ED9 /* Pods_EchoProberTests.framework in Frameworks */,
			);
			runOnlyForDeploymentPostprocessing = 0;
		};
		6B5D04E62898E3C700FCABB2 /* Frameworks */ = {
			isa = PBXFrameworksBuildPhase;
			buildActionMask = 2147483647;
			files = (
				E17E9ABB3E32BBD519F3811A /* Pods_EchoProber_EchoProberUITests.framework in Frameworks */,
			);
			runOnlyForDeploymentPostprocessing = 0;
		};
/* End PBXFrameworksBuildPhase section */

/* Begin PBXGroup section */
		405A231150D80AD53EDA8406 /* Frameworks */ = {
			isa = PBXGroup;
			children = (
				437FE91005DF0669627603E3 /* Pods_EchoProber.framework */,
				CA12EBC2A34A3ACA91291424 /* Pods_EchoProber_EchoProberUITests.framework */,
				D40F291D5637026E30C242D2 /* Pods_EchoProberTests.framework */,
			);
			name = Frameworks;
			sourceTree = "<group>";
		};
		6B5D04C62898E3C300FCABB2 = {
			isa = PBXGroup;
			children = (
				6B5D04D12898E3C300FCABB2 /* EchoProber */,
				6B5D04E22898E3C700FCABB2 /* EchoProberTests */,
				6B5D04EC2898E3C700FCABB2 /* EchoProberUITests */,
				6B5D04D02898E3C300FCABB2 /* Products */,
				ADE4BA521C6505AD4C8F0954 /* Pods */,
				405A231150D80AD53EDA8406 /* Frameworks */,
			);
			sourceTree = "<group>";
		};
		6B5D04D02898E3C300FCABB2 /* Products */ = {
			isa = PBXGroup;
			children = (
				6B5D04CF2898E3C300FCABB2 /* EchoProber.app */,
				6B5D04DF2898E3C700FCABB2 /* EchoProberTests.xctest */,
				6B5D04E92898E3C700FCABB2 /* EchoProberUITests.xctest */,
			);
			name = Products;
			sourceTree = "<group>";
		};
		6B5D04D12898E3C300FCABB2 /* EchoProber */ = {
			isa = PBXGroup;
			children = (
				6BB6762828A6A14B00836D37 /* Info.plist */,
				6B5D04D22898E3C300FCABB2 /* EchoProberApp.swift */,
				6B5D04D42898E3C300FCABB2 /* ContentView.swift */,
				6B5D04D62898E3C700FCABB2 /* Assets.xcassets */,
				6B5D04D82898E3C700FCABB2 /* Preview Content */,
			);
			path = EchoProber;
			sourceTree = "<group>";
		};
		6B5D04D82898E3C700FCABB2 /* Preview Content */ = {
			isa = PBXGroup;
			children = (
				6B5D04D92898E3C700FCABB2 /* Preview Assets.xcassets */,
			);
			path = "Preview Content";
			sourceTree = "<group>";
		};
		6B5D04E22898E3C700FCABB2 /* EchoProberTests */ = {
			isa = PBXGroup;
			children = (
				6B5D04E32898E3C700FCABB2 /* EchoProberTests.swift */,
			);
			path = EchoProberTests;
			sourceTree = "<group>";
		};
		6B5D04EC2898E3C700FCABB2 /* EchoProberUITests */ = {
			isa = PBXGroup;
			children = (
				6B5D04ED2898E3C700FCABB2 /* EchoProberUITests.swift */,
				6B5D04EF2898E3C700FCABB2 /* EchoProberUITestsLaunchTests.swift */,
			);
			path = EchoProberUITests;
			sourceTree = "<group>";
		};
		ADE4BA521C6505AD4C8F0954 /* Pods */ = {
			isa = PBXGroup;
			children = (
				D04EA141FD92950D90B920F6 /* Pods-EchoProber.debug.xcconfig */,
				5D5C97FDD87405BB13FC1DF2 /* Pods-EchoProber.release.xcconfig */,
				AEE046BBF8F094A06298E6A8 /* Pods-EchoProber-EchoProberUITests.debug.xcconfig */,
				21EE6D701A9DEA26E280636A /* Pods-EchoProber-EchoProberUITests.release.xcconfig */,
				E1A8F9789278734E447DFE8B /* Pods-EchoProberTests.debug.xcconfig */,
				D785F8636CCC8CD28E50173F /* Pods-EchoProberTests.release.xcconfig */,
			);
			path = Pods;
			sourceTree = "<group>";
		};
/* End PBXGroup section */

/* Begin PBXNativeTarget section */
		6B5D04CE2898E3C300FCABB2 /* EchoProber */ = {
			isa = PBXNativeTarget;
			buildConfigurationList = 6B5D04F32898E3C700FCABB2 /* Build configuration list for PBXNativeTarget "EchoProber" */;
			buildPhases = (
				8433E1540AB0C2B24E2771BF /* [CP] Check Pods Manifest.lock */,
				6B5D04CB2898E3C300FCABB2 /* Sources */,
				6B5D04CC2898E3C300FCABB2 /* Frameworks */,
				6B5D04CD2898E3C300FCABB2 /* Resources */,
				3DBC408B6AD406871782110C /* [CP] Embed Pods Frameworks */,
			);
			buildRules = (
			);
			dependencies = (
			);
			name = EchoProber;
			productName = EchoProber;
			productReference = 6B5D04CF2898E3C300FCABB2 /* EchoProber.app */;
			productType = "com.apple.product-type.application";
		};
		6B5D04DE2898E3C700FCABB2 /* EchoProberTests */ = {
			isa = PBXNativeTarget;
			buildConfigurationList = 6B5D04F62898E3C700FCABB2 /* Build configuration list for PBXNativeTarget "EchoProberTests" */;
			buildPhases = (
				ECB263432F491CE6FF8911D4 /* [CP] Check Pods Manifest.lock */,
				6B5D04DB2898E3C700FCABB2 /* Sources */,
				6B5D04DC2898E3C700FCABB2 /* Frameworks */,
				6B5D04DD2898E3C700FCABB2 /* Resources */,
			);
			buildRules = (
			);
			dependencies = (
				6B5D04E12898E3C700FCABB2 /* PBXTargetDependency */,
			);
			name = EchoProberTests;
			productName = EchoProberTests;
			productReference = 6B5D04DF2898E3C700FCABB2 /* EchoProberTests.xctest */;
			productType = "com.apple.product-type.bundle.unit-test";
		};
		6B5D04E82898E3C700FCABB2 /* EchoProberUITests */ = {
			isa = PBXNativeTarget;
			buildConfigurationList = 6B5D04F92898E3C700FCABB2 /* Build configuration list for PBXNativeTarget "EchoProberUITests" */;
			buildPhases = (
				F67913C362C94E65E00523B2 /* [CP] Check Pods Manifest.lock */,
				6B5D04E52898E3C700FCABB2 /* Sources */,
				6B5D04E62898E3C700FCABB2 /* Frameworks */,
				6B5D04E72898E3C700FCABB2 /* Resources */,
				07E3063CC84B584ABBB87753 /* [CP] Embed Pods Frameworks */,
			);
			buildRules = (
			);
			dependencies = (
				6B5D04EB2898E3C700FCABB2 /* PBXTargetDependency */,
			);
			name = EchoProberUITests;
			productName = EchoProberUITests;
			productReference = 6B5D04E92898E3C700FCABB2 /* EchoProberUITests.xctest */;
			productType = "com.apple.product-type.bundle.ui-testing";
		};
/* End PBXNativeTarget section */

/* Begin PBXProject section */
		6B5D04C72898E3C300FCABB2 /* Project object */ = {
			isa = PBXProject;
			attributes = {
				BuildIndependentTargetsInParallel = 1;
				LastSwiftUpdateCheck = 1340;
				LastUpgradeCheck = 1340;
				TargetAttributes = {
					6B5D04CE2898E3C300FCABB2 = {
						CreatedOnToolsVersion = 13.4.1;
					};
					6B5D04DE2898E3C700FCABB2 = {
						CreatedOnToolsVersion = 13.4.1;
						TestTargetID = 6B5D04CE2898E3C300FCABB2;
					};
					6B5D04E82898E3C700FCABB2 = {
						CreatedOnToolsVersion = 13.4.1;
						TestTargetID = 6B5D04CE2898E3C300FCABB2;
					};
				};
			};
			buildConfigurationList = 6B5D04CA2898E3C300FCABB2 /* Build configuration list for PBXProject "EchoProber" */;
			compatibilityVersion = "Xcode 13.0";
			developmentRegion = en;
			hasScannedForEncodings = 0;
			knownRegions = (
				en,
				Base,
			);
			mainGroup = 6B5D04C62898E3C300FCABB2;
			productRefGroup = 6B5D04D02898E3C300FCABB2 /* Products */;
			projectDirPath = "";
			projectRoot = "";
			targets = (
				6B5D04CE2898E3C300FCABB2 /* EchoProber */,
				6B5D04DE2898E3C700FCABB2 /* EchoProberTests */,
				6B5D04E82898E3C700FCABB2 /* EchoProberUITests */,
			);
		};
/* End PBXProject section */

/* Begin PBXResourcesBuildPhase section */
		6B5D04CD2898E3C300FCABB2 /* Resources */ = {
			isa = PBXResourcesBuildPhase;
			buildActionMask = 2147483647;
			files = (
				6B5D04DA2898E3C700FCABB2 /* Preview Assets.xcassets in Resources */,
				6B5D04D72898E3C700FCABB2 /* Assets.xcassets in Resources */,
			);
			runOnlyForDeploymentPostprocessing = 0;
		};
		6B5D04DD2898E3C700FCABB2 /* Resources */ = {
			isa = PBXResourcesBuildPhase;
			buildActionMask = 2147483647;
			files = (
			);
			runOnlyForDeploymentPostprocessing = 0;
		};
		6B5D04E72898E3C700FCABB2 /* Resources */ = {
			isa = PBXResourcesBuildPhase;
			buildActionMask = 2147483647;
			files = (
			);
			runOnlyForDeploymentPostprocessing = 0;
		};
/* End PBXResourcesBuildPhase section */

/* Begin PBXShellScriptBuildPhase section */
		07E3063CC84B584ABBB87753 /* [CP] Embed Pods Frameworks */ = {
			isa = PBXShellScriptBuildPhase;
			buildActionMask = 2147483647;
			files = (
			);
			inputFileListPaths = (
				"${PODS_ROOT}/Target Support Files/Pods-EchoProber-EchoProberUITests/Pods-EchoProber-EchoProberUITests-frameworks-${CONFIGURATION}-input-files.xcfilelist",
			);
			name = "[CP] Embed Pods Frameworks";
			outputFileListPaths = (
				"${PODS_ROOT}/Target Support Files/Pods-EchoProber-EchoProberUITests/Pods-EchoProber-EchoProberUITests-frameworks-${CONFIGURATION}-output-files.xcfilelist",
			);
			runOnlyForDeploymentPostprocessing = 0;
			shellPath = /bin/sh;
			shellScript = "\"${PODS_ROOT}/Target Support Files/Pods-EchoProber-EchoProberUITests/Pods-EchoProber-EchoProberUITests-frameworks.sh\"\n";
			showEnvVarsInLog = 0;
		};
		3DBC408B6AD406871782110C /* [CP] Embed Pods Frameworks */ = {
			isa = PBXShellScriptBuildPhase;
			buildActionMask = 2147483647;
			files = (
			);
			inputFileListPaths = (
				"${PODS_ROOT}/Target Support Files/Pods-EchoProber/Pods-EchoProber-frameworks-${CONFIGURATION}-input-files.xcfilelist",
			);
			name = "[CP] Embed Pods Frameworks";
			outputFileListPaths = (
				"${PODS_ROOT}/Target Support Files/Pods-EchoProber/Pods-EchoProber-frameworks-${CONFIGURATION}-output-files.xcfilelist",
			);
			runOnlyForDeploymentPostprocessing = 0;
			shellPath = /bin/sh;
			shellScript = "\"${PODS_ROOT}/Target Support Files/Pods-EchoProber/Pods-EchoProber-frameworks.sh\"\n";
			showEnvVarsInLog = 0;
		};
		8433E1540AB0C2B24E2771BF /* [CP] Check Pods Manifest.lock */ = {
			isa = PBXShellScriptBuildPhase;
			buildActionMask = 2147483647;
			files = (
			);
			inputFileListPaths = (
			);
			inputPaths = (
				"${PODS_PODFILE_DIR_PATH}/Podfile.lock",
				"${PODS_ROOT}/Manifest.lock",
			);
			name = "[CP] Check Pods Manifest.lock";
			outputFileListPaths = (
			);
			outputPaths = (
				"$(DERIVED_FILE_DIR)/Pods-EchoProber-checkManifestLockResult.txt",
			);
			runOnlyForDeploymentPostprocessing = 0;
			shellPath = /bin/sh;
			shellScript = "diff \"${PODS_PODFILE_DIR_PATH}/Podfile.lock\" \"${PODS_ROOT}/Manifest.lock\" > /dev/null\nif [ $? != 0 ] ; then\n    # print error to STDERR\n    echo \"error: The sandbox is not in sync with the Podfile.lock. Run 'pod install' or update your CocoaPods installation.\" >&2\n    exit 1\nfi\n# This output is used by Xcode 'outputs' to avoid re-running this script phase.\necho \"SUCCESS\" > \"${SCRIPT_OUTPUT_FILE_0}\"\n";
			showEnvVarsInLog = 0;
		};
		ECB263432F491CE6FF8911D4 /* [CP] Check Pods Manifest.lock */ = {
			isa = PBXShellScriptBuildPhase;
			buildActionMask = 2147483647;
			files = (
			);
			inputFileListPaths = (
			);
			inputPaths = (
				"${PODS_PODFILE_DIR_PATH}/Podfile.lock",
				"${PODS_ROOT}/Manifest.lock",
			);
			name = "[CP] Check Pods Manifest.lock";
			outputFileListPaths = (
			);
			outputPaths = (
				"$(DERIVED_FILE_DIR)/Pods-EchoProberTests-checkManifestLockResult.txt",
			);
			runOnlyForDeploymentPostprocessing = 0;
			shellPath = /bin/sh;
			shellScript = "diff \"${PODS_PODFILE_DIR_PATH}/Podfile.lock\" \"${PODS_ROOT}/Manifest.lock\" > /dev/null\nif [ $? != 0 ] ; then\n    # print error to STDERR\n    echo \"error: The sandbox is not in sync with the Podfile.lock. Run 'pod install' or update your CocoaPods installation.\" >&2\n    exit 1\nfi\n# This output is used by Xcode 'outputs' to avoid re-running this script phase.\necho \"SUCCESS\" > \"${SCRIPT_OUTPUT_FILE_0}\"\n";
			showEnvVarsInLog = 0;
		};
		F67913C362C94E65E00523B2 /* [CP] Check Pods Manifest.lock */ = {
			isa = PBXShellScriptBuildPhase;
			buildActionMask = 2147483647;
			files = (
			);
			inputFileListPaths = (
			);
			inputPaths = (
				"${PODS_PODFILE_DIR_PATH}/Podfile.lock",
				"${PODS_ROOT}/Manifest.lock",
			);
			name = "[CP] Check Pods Manifest.lock";
			outputFileListPaths = (
			);
			outputPaths = (
				"$(DERIVED_FILE_DIR)/Pods-EchoProber-EchoProberUITests-checkManifestLockResult.txt",
			);
			runOnlyForDeploymentPostprocessing = 0;
			shellPath = /bin/sh;
			shellScript = "diff \"${PODS_PODFILE_DIR_PATH}/Podfile.lock\" \"${PODS_ROOT}/Manifest.lock\" > /dev/null\nif [ $? != 0 ] ; then\n    # print error to STDERR\n    echo \"error: The sandbox is not in sync with the Podfile.lock. Run 'pod install' or update your CocoaPods installation.\" >&2\n    exit 1\nfi\n# This output is used by Xcode 'outputs' to avoid re-running this script phase.\necho \"SUCCESS\" > \"${SCRIPT_OUTPUT_FILE_0}\"\n";
			showEnvVarsInLog = 0;
		};
/* End PBXShellScriptBuildPhase section */

/* Begin PBXSourcesBuildPhase section */
		6B5D04CB2898E3C300FCABB2 /* Sources */ = {
			isa = PBXSourcesBuildPhase;
			buildActionMask = 2147483647;
			files = (
				6B5D04D52898E3C300FCABB2 /* ContentView.swift in Sources */,
				6B5D04D32898E3C300FCABB2 /* EchoProberApp.swift in Sources */,
			);
			runOnlyForDeploymentPostprocessing = 0;
		};
		6B5D04DB2898E3C700FCABB2 /* Sources */ = {
			isa = PBXSourcesBuildPhase;
			buildActionMask = 2147483647;
			files = (
				6B5D04E42898E3C700FCABB2 /* EchoProberTests.swift in Sources */,
			);
			runOnlyForDeploymentPostprocessing = 0;
		};
		6B5D04E52898E3C700FCABB2 /* Sources */ = {
			isa = PBXSourcesBuildPhase;
			buildActionMask = 2147483647;
			files = (
				6B5D04EE2898E3C700FCABB2 /* EchoProberUITests.swift in Sources */,
				6B5D04F02898E3C700FCABB2 /* EchoProberUITestsLaunchTests.swift in Sources */,
			);
			runOnlyForDeploymentPostprocessing = 0;
		};
/* End PBXSourcesBuildPhase section */

/* Begin PBXTargetDependency section */
		6B5D04E12898E3C700FCABB2 /* PBXTargetDependency */ = {
			isa = PBXTargetDependency;
			target = 6B5D04CE2898E3C300FCABB2 /* EchoProber */;
			targetProxy = 6B5D04E02898E3C700FCABB2 /* PBXContainerItemProxy */;
		};
		6B5D04EB2898E3C700FCABB2 /* PBXTargetDependency */ = {
			isa = PBXTargetDependency;
			target = 6B5D04CE2898E3C300FCABB2 /* EchoProber */;
			targetProxy = 6B5D04EA2898E3C700FCABB2 /* PBXContainerItemProxy */;
		};
/* End PBXTargetDependency section */

/* Begin XCBuildConfiguration section */
		6B5D04F12898E3C700FCABB2 /* Debug */ = {
			isa = XCBuildConfiguration;
			buildSettings = {
				ALWAYS_SEARCH_USER_PATHS = NO;
				CLANG_ANALYZER_NONNULL = YES;
				CLANG_ANALYZER_NUMBER_OBJECT_CONVERSION = YES_AGGRESSIVE;
				CLANG_CXX_LANGUAGE_STANDARD = "gnu++17";
				CLANG_ENABLE_MODULES = YES;
				CLANG_ENABLE_OBJC_ARC = YES;
				CLANG_ENABLE_OBJC_WEAK = YES;
				CLANG_WARN_BLOCK_CAPTURE_AUTORELEASING = YES;
				CLANG_WARN_BOOL_CONVERSION = YES;
				CLANG_WARN_COMMA = YES;
				CLANG_WARN_CONSTANT_CONVERSION = YES;
				CLANG_WARN_DEPRECATED_OBJC_IMPLEMENTATIONS = YES;
				CLANG_WARN_DIRECT_OBJC_ISA_USAGE = YES_ERROR;
				CLANG_WARN_DOCUMENTATION_COMMENTS = YES;
				CLANG_WARN_EMPTY_BODY = YES;
				CLANG_WARN_ENUM_CONVERSION = YES;
				CLANG_WARN_INFINITE_RECURSION = YES;
				CLANG_WARN_INT_CONVERSION = YES;
				CLANG_WARN_NON_LITERAL_NULL_CONVERSION = YES;
				CLANG_WARN_OBJC_IMPLICIT_RETAIN_SELF = YES;
				CLANG_WARN_OBJC_LITERAL_CONVERSION = YES;
				CLANG_WARN_OBJC_ROOT_CLASS = YES_ERROR;
				CLANG_WARN_QUOTED_INCLUDE_IN_FRAMEWORK_HEADER = YES;
				CLANG_WARN_RANGE_LOOP_ANALYSIS = YES;
				CLANG_WARN_STRICT_PROTOTYPES = YES;
				CLANG_WARN_SUSPICIOUS_MOVE = YES;
				CLANG_WARN_UNGUARDED_AVAILABILITY = YES_AGGRESSIVE;
				CLANG_WARN_UNREACHABLE_CODE = YES;
				CLANG_WARN__DUPLICATE_METHOD_MATCH = YES;
				COPY_PHASE_STRIP = NO;
				DEBUG_INFORMATION_FORMAT = dwarf;
				ENABLE_STRICT_OBJC_MSGSEND = YES;
				ENABLE_TESTABILITY = YES;
				GCC_C_LANGUAGE_STANDARD = gnu11;
				GCC_DYNAMIC_NO_PIC = NO;
				GCC_NO_COMMON_BLOCKS = YES;
				GCC_OPTIMIZATION_LEVEL = 0;
				GCC_PREPROCESSOR_DEFINITIONS = (
					"DEBUG=1",
					"$(inherited)",
				);
				GCC_WARN_64_TO_32_BIT_CONVERSION = YES;
				GCC_WARN_ABOUT_RETURN_TYPE = YES_ERROR;
				GCC_WARN_UNDECLARED_SELECTOR = YES;
				GCC_WARN_UNINITIALIZED_AUTOS = YES_AGGRESSIVE;
				GCC_WARN_UNUSED_FUNCTION = YES;
				GCC_WARN_UNUSED_VARIABLE = YES;
				IPHONEOS_DEPLOYMENT_TARGET = 15.5;
				MTL_ENABLE_DEBUG_INFO = INCLUDE_SOURCE;
				MTL_FAST_MATH = YES;
				ONLY_ACTIVE_ARCH = YES;
				SDKROOT = iphoneos;
				SWIFT_ACTIVE_COMPILATION_CONDITIONS = DEBUG;
				SWIFT_OPTIMIZATION_LEVEL = "-Onone";
			};
			name = Debug;
		};
		6B5D04F22898E3C700FCABB2 /* Release */ = {
			isa = XCBuildConfiguration;
			buildSettings = {
				ALWAYS_SEARCH_USER_PATHS = NO;
				CLANG_ANALYZER_NONNULL = YES;
				CLANG_ANALYZER_NUMBER_OBJECT_CONVERSION = YES_AGGRESSIVE;
				CLANG_CXX_LANGUAGE_STANDARD = "gnu++17";
				CLANG_ENABLE_MODULES = YES;
				CLANG_ENABLE_OBJC_ARC = YES;
				CLANG_ENABLE_OBJC_WEAK = YES;
				CLANG_WARN_BLOCK_CAPTURE_AUTORELEASING = YES;
				CLANG_WARN_BOOL_CONVERSION = YES;
				CLANG_WARN_COMMA = YES;
				CLANG_WARN_CONSTANT_CONVERSION = YES;
				CLANG_WARN_DEPRECATED_OBJC_IMPLEMENTATIONS = YES;
				CLANG_WARN_DIRECT_OBJC_ISA_USAGE = YES_ERROR;
				CLANG_WARN_DOCUMENTATION_COMMENTS = YES;
				CLANG_WARN_EMPTY_BODY = YES;
				CLANG_WARN_ENUM_CONVERSION = YES;
				CLANG_WARN_INFINITE_RECURSION = YES;
				CLANG_WARN_INT_CONVERSION = YES;
				CLANG_WARN_NON_LITERAL_NULL_CONVERSION = YES;
				CLANG_WARN_OBJC_IMPLICIT_RETAIN_SELF = YES;
				CLANG_WARN_OBJC_LITERAL_CONVERSION = YES;
				CLANG_WARN_OBJC_ROOT_CLASS = YES_ERROR;
				CLANG_WARN_QUOTED_INCLUDE_IN_FRAMEWORK_HEADER = YES;
				CLANG_WARN_RANGE_LOOP_ANALYSIS = YES;
				CLANG_WARN_STRICT_PROTOTYPES = YES;
				CLANG_WARN_SUSPICIOUS_MOVE = YES;
				CLANG_WARN_UNGUARDED_AVAILABILITY = YES_AGGRESSIVE;
				CLANG_WARN_UNREACHABLE_CODE = YES;
				CLANG_WARN__DUPLICATE_METHOD_MATCH = YES;
				COPY_PHASE_STRIP = NO;
				DEBUG_INFORMATION_FORMAT = "dwarf-with-dsym";
				ENABLE_NS_ASSERTIONS = NO;
				ENABLE_STRICT_OBJC_MSGSEND = YES;
				GCC_C_LANGUAGE_STANDARD = gnu11;
				GCC_NO_COMMON_BLOCKS = YES;
				GCC_WARN_64_TO_32_BIT_CONVERSION = YES;
				GCC_WARN_ABOUT_RETURN_TYPE = YES_ERROR;
				GCC_WARN_UNDECLARED_SELECTOR = YES;
				GCC_WARN_UNINITIALIZED_AUTOS = YES_AGGRESSIVE;
				GCC_WARN_UNUSED_FUNCTION = YES;
				GCC_WARN_UNUSED_VARIABLE = YES;
				IPHONEOS_DEPLOYMENT_TARGET = 15.5;
				MTL_ENABLE_DEBUG_INFO = NO;
				MTL_FAST_MATH = YES;
				SDKROOT = iphoneos;
				SWIFT_COMPILATION_MODE = wholemodule;
				SWIFT_OPTIMIZATION_LEVEL = "-O";
				VALIDATE_PRODUCT = YES;
			};
			name = Release;
		};
		6B5D04F42898E3C700FCABB2 /* Debug */ = {
			isa = XCBuildConfiguration;
			baseConfigurationReference = D04EA141FD92950D90B920F6 /* Pods-EchoProber.debug.xcconfig */;
			buildSettings = {
				ASSETCATALOG_COMPILER_APPICON_NAME = AppIcon;
				ASSETCATALOG_COMPILER_GLOBAL_ACCENT_COLOR_NAME = AccentColor;
				CODE_SIGN_STYLE = Automatic;
				CURRENT_PROJECT_VERSION = 1;
				DEVELOPMENT_ASSET_PATHS = "\"EchoProber/Preview Content\"";
				DEVELOPMENT_TEAM = K3UFRFH9SJ;
				ENABLE_PREVIEWS = YES;
				GENERATE_INFOPLIST_FILE = YES;
				INFOPLIST_FILE = EchoProber/Info.plist;
				INFOPLIST_KEY_NSLocalNetworkUsageDescription = "";
				INFOPLIST_KEY_NSMicrophoneUsageDescription = "";
				INFOPLIST_KEY_UIApplicationSceneManifest_Generation = YES;
				INFOPLIST_KEY_UIApplicationSupportsIndirectInputEvents = YES;
				INFOPLIST_KEY_UILaunchScreen_Generation = YES;
				INFOPLIST_KEY_UISupportedInterfaceOrientations_iPad = "UIInterfaceOrientationPortrait UIInterfaceOrientationPortraitUpsideDown UIInterfaceOrientationLandscapeLeft UIInterfaceOrientationLandscapeRight";
				INFOPLIST_KEY_UISupportedInterfaceOrientations_iPhone = UIInterfaceOrientationPortrait;
				LD_RUNPATH_SEARCH_PATHS = (
					"$(inherited)",
					"@executable_path/Frameworks",
				);
				MARKETING_VERSION = 1.0;
				PRODUCT_BUNDLE_IDENTIFIER = com.felixnie.EchoProber;
				PRODUCT_NAME = "$(TARGET_NAME)";
				SWIFT_EMIT_LOC_STRINGS = YES;
				SWIFT_VERSION = 5.0;
				TARGETED_DEVICE_FAMILY = "1,2";
			};
			name = Debug;
		};
		6B5D04F52898E3C700FCABB2 /* Release */ = {
			isa = XCBuildConfiguration;
			baseConfigurationReference = 5D5C97FDD87405BB13FC1DF2 /* Pods-EchoProber.release.xcconfig */;
			buildSettings = {
				ASSETCATALOG_COMPILER_APPICON_NAME = AppIcon;
				ASSETCATALOG_COMPILER_GLOBAL_ACCENT_COLOR_NAME = AccentColor;
				CODE_SIGN_STYLE = Automatic;
				CURRENT_PROJECT_VERSION = 1;
				DEVELOPMENT_ASSET_PATHS = "\"EchoProber/Preview Content\"";
				DEVELOPMENT_TEAM = K3UFRFH9SJ;
				ENABLE_PREVIEWS = YES;
				GENERATE_INFOPLIST_FILE = YES;
				INFOPLIST_FILE = EchoProber/Info.plist;
				INFOPLIST_KEY_NSLocalNetworkUsageDescription = "";
				INFOPLIST_KEY_NSMicrophoneUsageDescription = "";
				INFOPLIST_KEY_UIApplicationSceneManifest_Generation = YES;
				INFOPLIST_KEY_UIApplicationSupportsIndirectInputEvents = YES;
				INFOPLIST_KEY_UILaunchScreen_Generation = YES;
				INFOPLIST_KEY_UISupportedInterfaceOrientations_iPad = "UIInterfaceOrientationPortrait UIInterfaceOrientationPortraitUpsideDown UIInterfaceOrientationLandscapeLeft UIInterfaceOrientationLandscapeRight";
				INFOPLIST_KEY_UISupportedInterfaceOrientations_iPhone = UIInterfaceOrientationPortrait;
				LD_RUNPATH_SEARCH_PATHS = (
					"$(inherited)",
					"@executable_path/Frameworks",
				);
				MARKETING_VERSION = 1.0;
				PRODUCT_BUNDLE_IDENTIFIER = com.felixnie.EchoProber;
				PRODUCT_NAME = "$(TARGET_NAME)";
				SWIFT_EMIT_LOC_STRINGS = YES;
				SWIFT_VERSION = 5.0;
				TARGETED_DEVICE_FAMILY = "1,2";
			};
			name = Release;
		};
		6B5D04F72898E3C700FCABB2 /* Debug */ = {
			isa = XCBuildConfiguration;
			baseConfigurationReference = E1A8F9789278734E447DFE8B /* Pods-EchoProberTests.debug.xcconfig */;
			buildSettings = {
				ALWAYS_EMBED_SWIFT_STANDARD_LIBRARIES = YES;
				BUNDLE_LOADER = "$(TEST_HOST)";
				CODE_SIGN_STYLE = Automatic;
				CURRENT_PROJECT_VERSION = 1;
				DEVELOPMENT_TEAM = K3UFRFH9SJ;
				GENERATE_INFOPLIST_FILE = YES;
				IPHONEOS_DEPLOYMENT_TARGET = 15.5;
				MARKETING_VERSION = 1.0;
				PRODUCT_BUNDLE_IDENTIFIER = com.felixnie.EchoProberTests;
				PRODUCT_NAME = "$(TARGET_NAME)";
				SWIFT_EMIT_LOC_STRINGS = NO;
				SWIFT_VERSION = 5.0;
				TARGETED_DEVICE_FAMILY = "1,2";
				TEST_HOST = "$(BUILT_PRODUCTS_DIR)/EchoProber.app/EchoProber";
			};
			name = Debug;
		};
		6B5D04F82898E3C700FCABB2 /* Release */ = {
			isa = XCBuildConfiguration;
			baseConfigurationReference = D785F8636CCC8CD28E50173F /* Pods-EchoProberTests.release.xcconfig */;
			buildSettings = {
				ALWAYS_EMBED_SWIFT_STANDARD_LIBRARIES = YES;
				BUNDLE_LOADER = "$(TEST_HOST)";
				CODE_SIGN_STYLE = Automatic;
				CURRENT_PROJECT_VERSION = 1;
				DEVELOPMENT_TEAM = K3UFRFH9SJ;
				GENERATE_INFOPLIST_FILE = YES;
				IPHONEOS_DEPLOYMENT_TARGET = 15.5;
				MARKETING_VERSION = 1.0;
				PRODUCT_BUNDLE_IDENTIFIER = com.felixnie.EchoProberTests;
				PRODUCT_NAME = "$(TARGET_NAME)";
				SWIFT_EMIT_LOC_STRINGS = NO;
				SWIFT_VERSION = 5.0;
				TARGETED_DEVICE_FAMILY = "1,2";
				TEST_HOST = "$(BUILT_PRODUCTS_DIR)/EchoProber.app/EchoProber";
			};
			name = Release;
		};
		6B5D04FA2898E3C700FCABB2 /* Debug */ = {
			isa = XCBuildConfiguration;
			baseConfigurationReference = AEE046BBF8F094A06298E6A8 /* Pods-EchoProber-EchoProberUITests.debug.xcconfig */;
			buildSettings = {
				ALWAYS_EMBED_SWIFT_STANDARD_LIBRARIES = YES;
				CODE_SIGN_STYLE = Automatic;
				CURRENT_PROJECT_VERSION = 1;
				DEVELOPMENT_TEAM = K3UFRFH9SJ;
				GENERATE_INFOPLIST_FILE = YES;
				MARKETING_VERSION = 1.0;
				PRODUCT_BUNDLE_IDENTIFIER = com.felixnie.EchoProberUITests;
				PRODUCT_NAME = "$(TARGET_NAME)";
				SWIFT_EMIT_LOC_STRINGS = NO;
				SWIFT_VERSION = 5.0;
				TARGETED_DEVICE_FAMILY = "1,2";
				TEST_TARGET_NAME = EchoProber;
			};
			name = Debug;
		};
		6B5D04FB2898E3C700FCABB2 /* Release */ = {
			isa = XCBuildConfiguration;
			baseConfigurationReference = 21EE6D701A9DEA26E280636A /* Pods-EchoProber-EchoProberUITests.release.xcconfig */;
			buildSettings = {
				ALWAYS_EMBED_SWIFT_STANDARD_LIBRARIES = YES;
				CODE_SIGN_STYLE = Automatic;
				CURRENT_PROJECT_VERSION = 1;
				DEVELOPMENT_TEAM = K3UFRFH9SJ;
				GENERATE_INFOPLIST_FILE = YES;
				MARKETING_VERSION = 1.0;
				PRODUCT_BUNDLE_IDENTIFIER = com.felixnie.EchoProberUITests;
				PRODUCT_NAME = "$(TARGET_NAME)";
				SWIFT_EMIT_LOC_STRINGS = NO;
				SWIFT_VERSION = 5.0;
				TARGETED_DEVICE_FAMILY = "1,2";
				TEST_TARGET_NAME = EchoProber;
			};
			name = Release;
		};
/* End XCBuildConfiguration section */

/* Begin XCConfigurationList section */
		6B5D04CA2898E3C300FCABB2 /* Build configuration list for PBXProject "EchoProber" */ = {
			isa = XCConfigurationList;
			buildConfigurations = (
				6B5D04F12898E3C700FCABB2 /* Debug */,
				6B5D04F22898E3C700FCABB2 /* Release */,
			);
			defaultConfigurationIsVisible = 0;
			defaultConfigurationName = Release;
		};
		6B5D04F32898E3C700FCABB2 /* Build configuration list for PBXNativeTarget "EchoProber" */ = {
			isa = XCConfigurationList;
			buildConfigurations = (
				6B5D04F42898E3C700FCABB2 /* Debug */,
				6B5D04F52898E3C700FCABB2 /* Release */,
			);
			defaultConfigurationIsVisible = 0;
			defaultConfigurationName = Release;
		};
		6B5D04F62898E3C700FCABB2 /* Build configuration list for PBXNativeTarget "EchoProberTests" */ = {
			isa = XCConfigurationList;
			buildConfigurations = (
				6B5D04F72898E3C700FCABB2 /* Debug */,
				6B5D04F82898E3C700FCABB2 /* Release */,
			);
			defaultConfigurationIsVisible = 0;
			defaultConfigurationName = Release;
		};
		6B5D04F92898E3C700FCABB2 /* Build configuration list for PBXNativeTarget "EchoProberUITests" */ = {
			isa = XCConfigurationList;
			buildConfigurations = (
				6B5D04FA2898E3C700FCABB2 /* Debug */,
				6B5D04FB2898E3C700FCABB2 /* Release */,
			);
			defaultConfigurationIsVisible = 0;
			defaultConfigurationName = Release;
		};
/* End XCConfigurationList section */
	};
	rootObject = 6B5D04C72898E3C300FCABB2 /* Project object */;
}
